// !$*UTF8*$!
{
	archiveVersion = 1;
	classes = {
	};
	objectVersion = 56;
	objects = {

/* Begin PBXBuildFile section */
		5B88EDD82A1A4B3B00B23C32 /* AppDelegate.swift in Sources */ = {isa = PBXBuildFile; fileRef = 5B88EDD72A1A4B3B00B23C32 /* AppDelegate.swift */; };
		5B88EDDA2A1A4B3B00B23C32 /* SceneDelegate.swift in Sources */ = {isa = PBXBuildFile; fileRef = 5B88EDD92A1A4B3B00B23C32 /* SceneDelegate.swift */; };
		5B88EDDC2A1A4B3B00B23C32 /* HomeViewController.swift in Sources */ = {isa = PBXBuildFile; fileRef = 5B88EDDB2A1A4B3B00B23C32 /* HomeViewController.swift */; };
		5B88EDE12A1A4B3C00B23C32 /* Assets.xcassets in Resources */ = {isa = PBXBuildFile; fileRef = 5B88EDE02A1A4B3C00B23C32 /* Assets.xcassets */; };
		5B88EDE42A1A4B3C00B23C32 /* LaunchScreen.storyboard in Resources */ = {isa = PBXBuildFile; fileRef = 5B88EDE22A1A4B3C00B23C32 /* LaunchScreen.storyboard */; };
		5B88EDEC2A1A4B9400B23C32 /* LoginViewController.swift in Sources */ = {isa = PBXBuildFile; fileRef = 5B88EDEB2A1A4B9400B23C32 /* LoginViewController.swift */; };
		5B88EDEE2A1A518700B23C32 /* TripConfigurationViewController.swift in Sources */ = {isa = PBXBuildFile; fileRef = 5B88EDED2A1A518700B23C32 /* TripConfigurationViewController.swift */; };
		5B88EDF22A1A540100B23C32 /* LoginView.swift in Sources */ = {isa = PBXBuildFile; fileRef = 5B88EDF12A1A540100B23C32 /* LoginView.swift */; };
		5B88EDF52A1A611400B23C32 /* HomeView.swift in Sources */ = {isa = PBXBuildFile; fileRef = 5B88EDF42A1A611400B23C32 /* HomeView.swift */; };
		5B88EDF82A1A62FB00B23C32 /* TripConfigurationView.swift in Sources */ = {isa = PBXBuildFile; fileRef = 5B88EDF72A1A62FB00B23C32 /* TripConfigurationView.swift */; };
		5B88EDFB2A1A65EA00B23C32 /* DataManager.swift in Sources */ = {isa = PBXBuildFile; fileRef = 5B88EDFA2A1A65EA00B23C32 /* DataManager.swift */; };
		5B88EDFE2A1A66DC00B23C32 /* Trip.swift in Sources */ = {isa = PBXBuildFile; fileRef = 5B88EDFD2A1A66DC00B23C32 /* Trip.swift */; };
		5B88EE012A1A6D6500B23C32 /* TripListViewController.swift in Sources */ = {isa = PBXBuildFile; fileRef = 5B88EE002A1A6D6500B23C32 /* TripListViewController.swift */; };
		5B88EE032A1A6D7700B23C32 /* TripListView.swift in Sources */ = {isa = PBXBuildFile; fileRef = 5B88EE022A1A6D7700B23C32 /* TripListView.swift */; };
		5B88EE062A1A810700B23C32 /* SplashViewController.swift in Sources */ = {isa = PBXBuildFile; fileRef = 5B88EE052A1A810700B23C32 /* SplashViewController.swift */; };
		5B88EE082A1A811D00B23C32 /* SplashView.swift in Sources */ = {isa = PBXBuildFile; fileRef = 5B88EE072A1A811D00B23C32 /* SplashView.swift */; };
		5B88EE0B2A1A88E400B23C32 /* TripSavedViewController.swift in Sources */ = {isa = PBXBuildFile; fileRef = 5B88EE0A2A1A88E400B23C32 /* TripSavedViewController.swift */; };
		5B88EE0D2A1A88FF00B23C32 /* TripSavedView.swift in Sources */ = {isa = PBXBuildFile; fileRef = 5B88EE0C2A1A88FF00B23C32 /* TripSavedView.swift */; };
		5B88EE102A1A8CE700B23C32 /* TripDetailsViewController.swift in Sources */ = {isa = PBXBuildFile; fileRef = 5B88EE0F2A1A8CE700B23C32 /* TripDetailsViewController.swift */; };
		5B88EE122A1AB44B00B23C32 /* PacPalView.swift in Sources */ = {isa = PBXBuildFile; fileRef = 5B88EE112A1AB44B00B23C32 /* PacPalView.swift */; };
		5B88EE152A1ABA2200B23C32 /* TripDetailsView.swift in Sources */ = {isa = PBXBuildFile; fileRef = 5B88EE142A1ABA2200B23C32 /* TripDetailsView.swift */; };
		831CF0362A25456B0094879E /* BaggageViewController.swift in Sources */ = {isa = PBXBuildFile; fileRef = 831CF0352A25456B0094879E /* BaggageViewController.swift */; };
		831CF0382A2545790094879E /* BaggageView.swift in Sources */ = {isa = PBXBuildFile; fileRef = 831CF0372A2545790094879E /* BaggageView.swift */; };
		831CF03B2A25459A0094879E /* BaggageItemsView.swift in Sources */ = {isa = PBXBuildFile; fileRef = 831CF03A2A25459A0094879E /* BaggageItemsView.swift */; };
		831CF03D2A2545A40094879E /* BaggageItemsViewController.swift in Sources */ = {isa = PBXBuildFile; fileRef = 831CF03C2A2545A40094879E /* BaggageItemsViewController.swift */; };
		831CF03F2A2546F40094879E /* Baggage.swift in Sources */ = {isa = PBXBuildFile; fileRef = 831CF03E2A2546F40094879E /* Baggage.swift */; };
		836437B02A2571C600C31066 /* BaggageListViewController.swift in Sources */ = {isa = PBXBuildFile; fileRef = 836437AF2A2571C600C31066 /* BaggageListViewController.swift */; };
/* End PBXBuildFile section */

/* Begin PBXFileReference section */
		5B88EDD42A1A4B3B00B23C32 /* PackPal.app */ = {isa = PBXFileReference; explicitFileType = wrapper.application; includeInIndex = 0; path = PackPal.app; sourceTree = BUILT_PRODUCTS_DIR; };
		5B88EDD72A1A4B3B00B23C32 /* AppDelegate.swift */ = {isa = PBXFileReference; lastKnownFileType = sourcecode.swift; path = AppDelegate.swift; sourceTree = "<group>"; };
		5B88EDD92A1A4B3B00B23C32 /* SceneDelegate.swift */ = {isa = PBXFileReference; lastKnownFileType = sourcecode.swift; path = SceneDelegate.swift; sourceTree = "<group>"; };
		5B88EDDB2A1A4B3B00B23C32 /* HomeViewController.swift */ = {isa = PBXFileReference; lastKnownFileType = sourcecode.swift; path = HomeViewController.swift; sourceTree = "<group>"; };
		5B88EDE02A1A4B3C00B23C32 /* Assets.xcassets */ = {isa = PBXFileReference; lastKnownFileType = folder.assetcatalog; path = Assets.xcassets; sourceTree = "<group>"; };
		5B88EDE32A1A4B3C00B23C32 /* Base */ = {isa = PBXFileReference; lastKnownFileType = file.storyboard; name = Base; path = Base.lproj/LaunchScreen.storyboard; sourceTree = "<group>"; };
		5B88EDE52A1A4B3C00B23C32 /* Info.plist */ = {isa = PBXFileReference; lastKnownFileType = text.plist.xml; path = Info.plist; sourceTree = "<group>"; };
		5B88EDEB2A1A4B9400B23C32 /* LoginViewController.swift */ = {isa = PBXFileReference; fileEncoding = 4; lastKnownFileType = sourcecode.swift; path = LoginViewController.swift; sourceTree = "<group>"; };
		5B88EDED2A1A518700B23C32 /* TripConfigurationViewController.swift */ = {isa = PBXFileReference; lastKnownFileType = sourcecode.swift; path = TripConfigurationViewController.swift; sourceTree = "<group>"; };
		5B88EDF12A1A540100B23C32 /* LoginView.swift */ = {isa = PBXFileReference; lastKnownFileType = sourcecode.swift; path = LoginView.swift; sourceTree = "<group>"; };
		5B88EDF42A1A611400B23C32 /* HomeView.swift */ = {isa = PBXFileReference; lastKnownFileType = sourcecode.swift; path = HomeView.swift; sourceTree = "<group>"; };
		5B88EDF72A1A62FB00B23C32 /* TripConfigurationView.swift */ = {isa = PBXFileReference; lastKnownFileType = sourcecode.swift; path = TripConfigurationView.swift; sourceTree = "<group>"; };
		5B88EDFA2A1A65EA00B23C32 /* DataManager.swift */ = {isa = PBXFileReference; lastKnownFileType = sourcecode.swift; path = DataManager.swift; sourceTree = "<group>"; };
		5B88EDFD2A1A66DC00B23C32 /* Trip.swift */ = {isa = PBXFileReference; lastKnownFileType = sourcecode.swift; path = Trip.swift; sourceTree = "<group>"; };
		5B88EE002A1A6D6500B23C32 /* TripListViewController.swift */ = {isa = PBXFileReference; lastKnownFileType = sourcecode.swift; path = TripListViewController.swift; sourceTree = "<group>"; };
		5B88EE022A1A6D7700B23C32 /* TripListView.swift */ = {isa = PBXFileReference; lastKnownFileType = sourcecode.swift; path = TripListView.swift; sourceTree = "<group>"; };
		5B88EE052A1A810700B23C32 /* SplashViewController.swift */ = {isa = PBXFileReference; lastKnownFileType = sourcecode.swift; path = SplashViewController.swift; sourceTree = "<group>"; };
		5B88EE072A1A811D00B23C32 /* SplashView.swift */ = {isa = PBXFileReference; lastKnownFileType = sourcecode.swift; path = SplashView.swift; sourceTree = "<group>"; };
		5B88EE0A2A1A88E400B23C32 /* TripSavedViewController.swift */ = {isa = PBXFileReference; lastKnownFileType = sourcecode.swift; path = TripSavedViewController.swift; sourceTree = "<group>"; };
		5B88EE0C2A1A88FF00B23C32 /* TripSavedView.swift */ = {isa = PBXFileReference; lastKnownFileType = sourcecode.swift; path = TripSavedView.swift; sourceTree = "<group>"; };
		5B88EE0F2A1A8CE700B23C32 /* TripDetailsViewController.swift */ = {isa = PBXFileReference; lastKnownFileType = sourcecode.swift; path = TripDetailsViewController.swift; sourceTree = "<group>"; };
		5B88EE112A1AB44B00B23C32 /* PacPalView.swift */ = {isa = PBXFileReference; lastKnownFileType = sourcecode.swift; path = PacPalView.swift; sourceTree = "<group>"; };
		5B88EE142A1ABA2200B23C32 /* TripDetailsView.swift */ = {isa = PBXFileReference; lastKnownFileType = sourcecode.swift; path = TripDetailsView.swift; sourceTree = "<group>"; };
		831CF0352A25456B0094879E /* BaggageViewController.swift */ = {isa = PBXFileReference; lastKnownFileType = sourcecode.swift; path = BaggageViewController.swift; sourceTree = "<group>"; };
		831CF0372A2545790094879E /* BaggageView.swift */ = {isa = PBXFileReference; lastKnownFileType = sourcecode.swift; path = BaggageView.swift; sourceTree = "<group>"; };
		831CF03A2A25459A0094879E /* BaggageItemsView.swift */ = {isa = PBXFileReference; lastKnownFileType = sourcecode.swift; path = BaggageItemsView.swift; sourceTree = "<group>"; };
		831CF03C2A2545A40094879E /* BaggageItemsViewController.swift */ = {isa = PBXFileReference; lastKnownFileType = sourcecode.swift; path = BaggageItemsViewController.swift; sourceTree = "<group>"; };
		831CF03E2A2546F40094879E /* Baggage.swift */ = {isa = PBXFileReference; lastKnownFileType = sourcecode.swift; path = Baggage.swift; sourceTree = "<group>"; };
		836437AF2A2571C600C31066 /* BaggageListViewController.swift */ = {isa = PBXFileReference; lastKnownFileType = sourcecode.swift; path = BaggageListViewController.swift; sourceTree = "<group>"; };
/* End PBXFileReference section */

/* Begin PBXFrameworksBuildPhase section */
		5B88EDD12A1A4B3B00B23C32 /* Frameworks */ = {
			isa = PBXFrameworksBuildPhase;
			buildActionMask = 2147483647;
			files = (
			);
			runOnlyForDeploymentPostprocessing = 0;
		};
/* End PBXFrameworksBuildPhase section */

/* Begin PBXGroup section */
		5B88EDCB2A1A4B3B00B23C32 = {
			isa = PBXGroup;
			children = (
				5B88EDD62A1A4B3B00B23C32 /* PackPal */,
				5B88EDD52A1A4B3B00B23C32 /* Products */,
			);
			sourceTree = "<group>";
		};
		5B88EDD52A1A4B3B00B23C32 /* Products */ = {
			isa = PBXGroup;
			children = (
				5B88EDD42A1A4B3B00B23C32 /* PackPal.app */,
			);
			name = Products;
			sourceTree = "<group>";
		};
		5B88EDD62A1A4B3B00B23C32 /* PackPal */ = {
			isa = PBXGroup;
			children = (
				5B88EE132A1AB48400B23C32 /* Design System */,
				5B88EDD72A1A4B3B00B23C32 /* AppDelegate.swift */,
				5B88EDD92A1A4B3B00B23C32 /* SceneDelegate.swift */,
				5B88EDEF2A1A539000B23C32 /* App Features */,
				5B88EDF92A1A659D00B23C32 /* CoreKit */,
				5B88EDE02A1A4B3C00B23C32 /* Assets.xcassets */,
				5B88EDE22A1A4B3C00B23C32 /* LaunchScreen.storyboard */,
				5B88EDE52A1A4B3C00B23C32 /* Info.plist */,
			);
			path = PackPal;
			sourceTree = "<group>";
		};
		5B88EDEF2A1A539000B23C32 /* App Features */ = {
			isa = PBXGroup;
			children = (
				831CF0392A2545850094879E /* Items Details */,
				831CF0342A2545250094879E /* Baggage Details */,
				836437AE2A2571B300C31066 /* Baggage List */,
				5B88EE0E2A1A8CC200B23C32 /* Trip Details Scene */,
				5B88EE092A1A88C100B23C32 /* Trip Saved Scene */,
				5B88EE042A1A80EC00B23C32 /* Trip Splash Scene */,
				5B88EDFF2A1A6D3800B23C32 /* Trip List Scene */,
				5B88EDF62A1A628700B23C32 /* Trip Add Scene */,
				5B88EDF32A1A596500B23C32 /* Trip Home Scene */,
				5B88EDF02A1A53A600B23C32 /* Trip Login Scene */,
			);
			path = "App Features";
			sourceTree = "<group>";
		};
		5B88EDF02A1A53A600B23C32 /* Trip Login Scene */ = {
			isa = PBXGroup;
			children = (
				5B88EDEB2A1A4B9400B23C32 /* LoginViewController.swift */,
				5B88EDF12A1A540100B23C32 /* LoginView.swift */,
			);
			path = "Trip Login Scene";
			sourceTree = "<group>";
		};
		5B88EDF32A1A596500B23C32 /* Trip Home Scene */ = {
			isa = PBXGroup;
			children = (
				5B88EDDB2A1A4B3B00B23C32 /* HomeViewController.swift */,
				5B88EDF42A1A611400B23C32 /* HomeView.swift */,
			);
			path = "Trip Home Scene";
			sourceTree = "<group>";
		};
		5B88EDF62A1A628700B23C32 /* Trip Add Scene */ = {
			isa = PBXGroup;
			children = (
				5B88EDFC2A1A66C700B23C32 /* Model */,
				5B88EDED2A1A518700B23C32 /* TripConfigurationViewController.swift */,
				5B88EDF72A1A62FB00B23C32 /* TripConfigurationView.swift */,
			);
			path = "Trip Add Scene";
			sourceTree = "<group>";
		};
		5B88EDF92A1A659D00B23C32 /* CoreKit */ = {
			isa = PBXGroup;
			children = (
				5B88EDFA2A1A65EA00B23C32 /* DataManager.swift */,
			);
			path = CoreKit;
			sourceTree = "<group>";
		};
		5B88EDFC2A1A66C700B23C32 /* Model */ = {
			isa = PBXGroup;
			children = (
				5B88EDFD2A1A66DC00B23C32 /* Trip.swift */,
			);
			path = Model;
			sourceTree = "<group>";
		};
		5B88EDFF2A1A6D3800B23C32 /* Trip List Scene */ = {
			isa = PBXGroup;
			children = (
				5B88EE002A1A6D6500B23C32 /* TripListViewController.swift */,
				5B88EE022A1A6D7700B23C32 /* TripListView.swift */,
			);
			path = "Trip List Scene";
			sourceTree = "<group>";
		};
		5B88EE042A1A80EC00B23C32 /* Trip Splash Scene */ = {
			isa = PBXGroup;
			children = (
				5B88EE052A1A810700B23C32 /* SplashViewController.swift */,
				5B88EE072A1A811D00B23C32 /* SplashView.swift */,
			);
			path = "Trip Splash Scene";
			sourceTree = "<group>";
		};
		5B88EE092A1A88C100B23C32 /* Trip Saved Scene */ = {
			isa = PBXGroup;
			children = (
				5B88EE0A2A1A88E400B23C32 /* TripSavedViewController.swift */,
				5B88EE0C2A1A88FF00B23C32 /* TripSavedView.swift */,
			);
			path = "Trip Saved Scene";
			sourceTree = "<group>";
		};
		5B88EE0E2A1A8CC200B23C32 /* Trip Details Scene */ = {
			isa = PBXGroup;
			children = (
				5B88EE0F2A1A8CE700B23C32 /* TripDetailsViewController.swift */,
				5B88EE142A1ABA2200B23C32 /* TripDetailsView.swift */,
			);
			path = "Trip Details Scene";
			sourceTree = "<group>";
		};
		5B88EE132A1AB48400B23C32 /* Design System */ = {
			isa = PBXGroup;
			children = (
				5B88EE112A1AB44B00B23C32 /* PacPalView.swift */,
			);
			path = "Design System";
			sourceTree = "<group>";
		};
		831CF0342A2545250094879E /* Baggage Details */ = {
			isa = PBXGroup;
			children = (
				831CF0352A25456B0094879E /* BaggageViewController.swift */,
				831CF0372A2545790094879E /* BaggageView.swift */,
				831CF03E2A2546F40094879E /* Baggage.swift */,
			);
			path = "Baggage Details";
			sourceTree = "<group>";
		};
		831CF0392A2545850094879E /* Items Details */ = {
			isa = PBXGroup;
			children = (
				831CF03A2A25459A0094879E /* BaggageItemsView.swift */,
				831CF03C2A2545A40094879E /* BaggageItemsViewController.swift */,
			);
			path = "Items Details";
			sourceTree = "<group>";
		};
		836437AE2A2571B300C31066 /* Baggage List */ = {
			isa = PBXGroup;
			children = (
				836437AF2A2571C600C31066 /* BaggageListViewController.swift */,
			);
			path = "Baggage List";
			sourceTree = "<group>";
		};
/* End PBXGroup section */

/* Begin PBXNativeTarget section */
		5B88EDD32A1A4B3B00B23C32 /* PackPal */ = {
			isa = PBXNativeTarget;
			buildConfigurationList = 5B88EDE82A1A4B3C00B23C32 /* Build configuration list for PBXNativeTarget "PackPal" */;
			buildPhases = (
				5B88EDD02A1A4B3B00B23C32 /* Sources */,
				5B88EDD12A1A4B3B00B23C32 /* Frameworks */,
				5B88EDD22A1A4B3B00B23C32 /* Resources */,
			);
			buildRules = (
			);
			dependencies = (
			);
			name = PackPal;
			productName = PackPal;
			productReference = 5B88EDD42A1A4B3B00B23C32 /* PackPal.app */;
			productType = "com.apple.product-type.application";
		};
/* End PBXNativeTarget section */

/* Begin PBXProject section */
		5B88EDCC2A1A4B3B00B23C32 /* Project object */ = {
			isa = PBXProject;
			attributes = {
				BuildIndependentTargetsInParallel = 1;
				LastSwiftUpdateCheck = 1430;
				LastUpgradeCheck = 1430;
				TargetAttributes = {
					5B88EDD32A1A4B3B00B23C32 = {
						CreatedOnToolsVersion = 14.3;
					};
				};
			};
			buildConfigurationList = 5B88EDCF2A1A4B3B00B23C32 /* Build configuration list for PBXProject "PackPal" */;
			compatibilityVersion = "Xcode 14.0";
			developmentRegion = en;
			hasScannedForEncodings = 0;
			knownRegions = (
				en,
				Base,
			);
			mainGroup = 5B88EDCB2A1A4B3B00B23C32;
			productRefGroup = 5B88EDD52A1A4B3B00B23C32 /* Products */;
			projectDirPath = "";
			projectRoot = "";
			targets = (
				5B88EDD32A1A4B3B00B23C32 /* PackPal */,
			);
		};
/* End PBXProject section */

/* Begin PBXResourcesBuildPhase section */
		5B88EDD22A1A4B3B00B23C32 /* Resources */ = {
			isa = PBXResourcesBuildPhase;
			buildActionMask = 2147483647;
			files = (
				5B88EDE42A1A4B3C00B23C32 /* LaunchScreen.storyboard in Resources */,
				5B88EDE12A1A4B3C00B23C32 /* Assets.xcassets in Resources */,
			);
			runOnlyForDeploymentPostprocessing = 0;
		};
/* End PBXResourcesBuildPhase section */

/* Begin PBXSourcesBuildPhase section */
		5B88EDD02A1A4B3B00B23C32 /* Sources */ = {
			isa = PBXSourcesBuildPhase;
			buildActionMask = 2147483647;
			files = (
				836437B02A2571C600C31066 /* BaggageListViewController.swift in Sources */,
				831CF03D2A2545A40094879E /* BaggageItemsViewController.swift in Sources */,
				5B88EDFE2A1A66DC00B23C32 /* Trip.swift in Sources */,
				831CF0382A2545790094879E /* BaggageView.swift in Sources */,
				5B88EDF22A1A540100B23C32 /* LoginView.swift in Sources */,
				5B88EDF52A1A611400B23C32 /* HomeView.swift in Sources */,
				5B88EE032A1A6D7700B23C32 /* TripListView.swift in Sources */,
				831CF03F2A2546F40094879E /* Baggage.swift in Sources */,
				5B88EDEC2A1A4B9400B23C32 /* LoginViewController.swift in Sources */,
				831CF0362A25456B0094879E /* BaggageViewController.swift in Sources */,
				5B88EE012A1A6D6500B23C32 /* TripListViewController.swift in Sources */,
				5B88EE102A1A8CE700B23C32 /* TripDetailsViewController.swift in Sources */,
				831CF03B2A25459A0094879E /* BaggageItemsView.swift in Sources */,
				5B88EE062A1A810700B23C32 /* SplashViewController.swift in Sources */,
				5B88EDF82A1A62FB00B23C32 /* TripConfigurationView.swift in Sources */,
				5B88EDEE2A1A518700B23C32 /* TripConfigurationViewController.swift in Sources */,
				5B88EDDC2A1A4B3B00B23C32 /* HomeViewController.swift in Sources */,
				5B88EDD82A1A4B3B00B23C32 /* AppDelegate.swift in Sources */,
				5B88EE0D2A1A88FF00B23C32 /* TripSavedView.swift in Sources */,
				5B88EE0B2A1A88E400B23C32 /* TripSavedViewController.swift in Sources */,
				5B88EE122A1AB44B00B23C32 /* PacPalView.swift in Sources */,
				5B88EDFB2A1A65EA00B23C32 /* DataManager.swift in Sources */,
				5B88EDDA2A1A4B3B00B23C32 /* SceneDelegate.swift in Sources */,
				5B88EE152A1ABA2200B23C32 /* TripDetailsView.swift in Sources */,
				5B88EE082A1A811D00B23C32 /* SplashView.swift in Sources */,
			);
			runOnlyForDeploymentPostprocessing = 0;
		};
/* End PBXSourcesBuildPhase section */

/* Begin PBXVariantGroup section */
		5B88EDE22A1A4B3C00B23C32 /* LaunchScreen.storyboard */ = {
			isa = PBXVariantGroup;
			children = (
				5B88EDE32A1A4B3C00B23C32 /* Base */,
			);
			name = LaunchScreen.storyboard;
			sourceTree = "<group>";
		};
/* End PBXVariantGroup section */

/* Begin XCBuildConfiguration section */
		5B88EDE62A1A4B3C00B23C32 /* Debug */ = {
			isa = XCBuildConfiguration;
			buildSettings = {
				ALWAYS_SEARCH_USER_PATHS = NO;
				CLANG_ANALYZER_NONNULL = YES;
				CLANG_ANALYZER_NUMBER_OBJECT_CONVERSION = YES_AGGRESSIVE;
				CLANG_CXX_LANGUAGE_STANDARD = "gnu++20";
				CLANG_ENABLE_MODULES = YES;
				CLANG_ENABLE_OBJC_ARC = YES;
				CLANG_ENABLE_OBJC_WEAK = YES;
				CLANG_WARN_BLOCK_CAPTURE_AUTORELEASING = YES;
				CLANG_WARN_BOOL_CONVERSION = YES;
				CLANG_WARN_COMMA = YES;
				CLANG_WARN_CONSTANT_CONVERSION = YES;
				CLANG_WARN_DEPRECATED_OBJC_IMPLEMENTATIONS = YES;
				CLANG_WARN_DIRECT_OBJC_ISA_USAGE = YES_ERROR;
				CLANG_WARN_DOCUMENTATION_COMMENTS = YES;
				CLANG_WARN_EMPTY_BODY = YES;
				CLANG_WARN_ENUM_CONVERSION = YES;
				CLANG_WARN_INFINITE_RECURSION = YES;
				CLANG_WARN_INT_CONVERSION = YES;
				CLANG_WARN_NON_LITERAL_NULL_CONVERSION = YES;
				CLANG_WARN_OBJC_IMPLICIT_RETAIN_SELF = YES;
				CLANG_WARN_OBJC_LITERAL_CONVERSION = YES;
				CLANG_WARN_OBJC_ROOT_CLASS = YES_ERROR;
				CLANG_WARN_QUOTED_INCLUDE_IN_FRAMEWORK_HEADER = YES;
				CLANG_WARN_RANGE_LOOP_ANALYSIS = YES;
				CLANG_WARN_STRICT_PROTOTYPES = YES;
				CLANG_WARN_SUSPICIOUS_MOVE = YES;
				CLANG_WARN_UNGUARDED_AVAILABILITY = YES_AGGRESSIVE;
				CLANG_WARN_UNREACHABLE_CODE = YES;
				CLANG_WARN__DUPLICATE_METHOD_MATCH = YES;
				COPY_PHASE_STRIP = NO;
				DEBUG_INFORMATION_FORMAT = dwarf;
				ENABLE_STRICT_OBJC_MSGSEND = YES;
				ENABLE_TESTABILITY = YES;
				GCC_C_LANGUAGE_STANDARD = gnu11;
				GCC_DYNAMIC_NO_PIC = NO;
				GCC_NO_COMMON_BLOCKS = YES;
				GCC_OPTIMIZATION_LEVEL = 0;
				GCC_PREPROCESSOR_DEFINITIONS = (
					"DEBUG=1",
					"$(inherited)",
				);
				GCC_WARN_64_TO_32_BIT_CONVERSION = YES;
				GCC_WARN_ABOUT_RETURN_TYPE = YES_ERROR;
				GCC_WARN_UNDECLARED_SELECTOR = YES;
				GCC_WARN_UNINITIALIZED_AUTOS = YES_AGGRESSIVE;
				GCC_WARN_UNUSED_FUNCTION = YES;
				GCC_WARN_UNUSED_VARIABLE = YES;
				IPHONEOS_DEPLOYMENT_TARGET = 16.4;
				MTL_ENABLE_DEBUG_INFO = INCLUDE_SOURCE;
				MTL_FAST_MATH = YES;
				ONLY_ACTIVE_ARCH = YES;
				SDKROOT = iphoneos;
				SWIFT_ACTIVE_COMPILATION_CONDITIONS = DEBUG;
				SWIFT_OPTIMIZATION_LEVEL = "-Onone";
			};
			name = Debug;
		};
		5B88EDE72A1A4B3C00B23C32 /* Release */ = {
			isa = XCBuildConfiguration;
			buildSettings = {
				ALWAYS_SEARCH_USER_PATHS = NO;
				CLANG_ANALYZER_NONNULL = YES;
				CLANG_ANALYZER_NUMBER_OBJECT_CONVERSION = YES_AGGRESSIVE;
				CLANG_CXX_LANGUAGE_STANDARD = "gnu++20";
				CLANG_ENABLE_MODULES = YES;
				CLANG_ENABLE_OBJC_ARC = YES;
				CLANG_ENABLE_OBJC_WEAK = YES;
				CLANG_WARN_BLOCK_CAPTURE_AUTORELEASING = YES;
				CLANG_WARN_BOOL_CONVERSION = YES;
				CLANG_WARN_COMMA = YES;
				CLANG_WARN_CONSTANT_CONVERSION = YES;
				CLANG_WARN_DEPRECATED_OBJC_IMPLEMENTATIONS = YES;
				CLANG_WARN_DIRECT_OBJC_ISA_USAGE = YES_ERROR;
				CLANG_WARN_DOCUMENTATION_COMMENTS = YES;
				CLANG_WARN_EMPTY_BODY = YES;
				CLANG_WARN_ENUM_CONVERSION = YES;
				CLANG_WARN_INFINITE_RECURSION = YES;
				CLANG_WARN_INT_CONVERSION = YES;
				CLANG_WARN_NON_LITERAL_NULL_CONVERSION = YES;
				CLANG_WARN_OBJC_IMPLICIT_RETAIN_SELF = YES;
				CLANG_WARN_OBJC_LITERAL_CONVERSION = YES;
				CLANG_WARN_OBJC_ROOT_CLASS = YES_ERROR;
				CLANG_WARN_QUOTED_INCLUDE_IN_FRAMEWORK_HEADER = YES;
				CLANG_WARN_RANGE_LOOP_ANALYSIS = YES;
				CLANG_WARN_STRICT_PROTOTYPES = YES;
				CLANG_WARN_SUSPICIOUS_MOVE = YES;
				CLANG_WARN_UNGUARDED_AVAILABILITY = YES_AGGRESSIVE;
				CLANG_WARN_UNREACHABLE_CODE = YES;
				CLANG_WARN__DUPLICATE_METHOD_MATCH = YES;
				COPY_PHASE_STRIP = NO;
				DEBUG_INFORMATION_FORMAT = "dwarf-with-dsym";
				ENABLE_NS_ASSERTIONS = NO;
				ENABLE_STRICT_OBJC_MSGSEND = YES;
				GCC_C_LANGUAGE_STANDARD = gnu11;
				GCC_NO_COMMON_BLOCKS = YES;
				GCC_WARN_64_TO_32_BIT_CONVERSION = YES;
				GCC_WARN_ABOUT_RETURN_TYPE = YES_ERROR;
				GCC_WARN_UNDECLARED_SELECTOR = YES;
				GCC_WARN_UNINITIALIZED_AUTOS = YES_AGGRESSIVE;
				GCC_WARN_UNUSED_FUNCTION = YES;
				GCC_WARN_UNUSED_VARIABLE = YES;
				IPHONEOS_DEPLOYMENT_TARGET = 16.4;
				MTL_ENABLE_DEBUG_INFO = NO;
				MTL_FAST_MATH = YES;
				SDKROOT = iphoneos;
				SWIFT_COMPILATION_MODE = wholemodule;
				SWIFT_OPTIMIZATION_LEVEL = "-O";
				VALIDATE_PRODUCT = YES;
			};
			name = Release;
		};
		5B88EDE92A1A4B3C00B23C32 /* Debug */ = {
			isa = XCBuildConfiguration;
			buildSettings = {
				ASSETCATALOG_COMPILER_APPICON_NAME = AppIcon;
				ASSETCATALOG_COMPILER_GLOBAL_ACCENT_COLOR_NAME = AccentColor;
				CODE_SIGN_STYLE = Automatic;
				CURRENT_PROJECT_VERSION = 1;
				DEVELOPMENT_TEAM = 2TN8HUUR4R;
				GENERATE_INFOPLIST_FILE = YES;
				INFOPLIST_FILE = PackPal/Info.plist;
				INFOPLIST_KEY_UIApplicationSupportsIndirectInputEvents = YES;
				INFOPLIST_KEY_UILaunchStoryboardName = LaunchScreen;
				INFOPLIST_KEY_UISupportedInterfaceOrientations_iPad = "UIInterfaceOrientationPortrait UIInterfaceOrientationPortraitUpsideDown UIInterfaceOrientationLandscapeLeft UIInterfaceOrientationLandscapeRight";
				INFOPLIST_KEY_UISupportedInterfaceOrientations_iPhone = "UIInterfaceOrientationPortrait UIInterfaceOrientationLandscapeLeft UIInterfaceOrientationLandscapeRight";
				IPHONEOS_DEPLOYMENT_TARGET = 14.0;
				LD_RUNPATH_SEARCH_PATHS = (
					"$(inherited)",
					"@executable_path/Frameworks",
				);
				MARKETING_VERSION = 1.0;
				PRODUCT_BUNDLE_IDENTIFIER = com.rodrigo.PackPal;
				PRODUCT_NAME = "$(TARGET_NAME)";
				SUPPORTED_PLATFORMS = "iphoneos iphonesimulator";
				SUPPORTS_MACCATALYST = NO;
				SUPPORTS_MAC_DESIGNED_FOR_IPHONE_IPAD = NO;
				SWIFT_EMIT_LOC_STRINGS = YES;
				SWIFT_VERSION = 5.0;
				TARGETED_DEVICE_FAMILY = 1;
			};
			name = Debug;
		};
		5B88EDEA2A1A4B3C00B23C32 /* Release */ = {
			isa = XCBuildConfiguration;
			buildSettings = {
				ASSETCATALOG_COMPILER_APPICON_NAME = AppIcon;
				ASSETCATALOG_COMPILER_GLOBAL_ACCENT_COLOR_NAME = AccentColor;
				CODE_SIGN_STYLE = Automatic;
				CURRENT_PROJECT_VERSION = 1;
				DEVELOPMENT_TEAM = 2TN8HUUR4R;
				GENERATE_INFOPLIST_FILE = YES;
				INFOPLIST_FILE = PackPal/Info.plist;
				INFOPLIST_KEY_UIApplicationSupportsIndirectInputEvents = YES;
				INFOPLIST_KEY_UILaunchStoryboardName = LaunchScreen;
				INFOPLIST_KEY_UISupportedInterfaceOrientations_iPad = "UIInterfaceOrientationPortrait UIInterfaceOrientationPortraitUpsideDown UIInterfaceOrientationLandscapeLeft UIInterfaceOrientationLandscapeRight";
				INFOPLIST_KEY_UISupportedInterfaceOrientations_iPhone = "UIInterfaceOrientationPortrait UIInterfaceOrientationLandscapeLeft UIInterfaceOrientationLandscapeRight";
				IPHONEOS_DEPLOYMENT_TARGET = 14.0;
				LD_RUNPATH_SEARCH_PATHS = (
					"$(inherited)",
					"@executable_path/Frameworks",
				);
				MARKETING_VERSION = 1.0;
				PRODUCT_BUNDLE_IDENTIFIER = com.rodrigo.PackPal;
				PRODUCT_NAME = "$(TARGET_NAME)";
				SUPPORTED_PLATFORMS = "iphoneos iphonesimulator";
				SUPPORTS_MACCATALYST = NO;
				SUPPORTS_MAC_DESIGNED_FOR_IPHONE_IPAD = NO;
				SWIFT_EMIT_LOC_STRINGS = YES;
				SWIFT_VERSION = 5.0;
				TARGETED_DEVICE_FAMILY = 1;
			};
			name = Release;
		};
/* End XCBuildConfiguration section */

/* Begin XCConfigurationList section */
		5B88EDCF2A1A4B3B00B23C32 /* Build configuration list for PBXProject "PackPal" */ = {
			isa = XCConfigurationList;
			buildConfigurations = (
				5B88EDE62A1A4B3C00B23C32 /* Debug */,
				5B88EDE72A1A4B3C00B23C32 /* Release */,
			);
			defaultConfigurationIsVisible = 0;
			defaultConfigurationName = Release;
		};
		5B88EDE82A1A4B3C00B23C32 /* Build configuration list for PBXNativeTarget "PackPal" */ = {
			isa = XCConfigurationList;
			buildConfigurations = (
				5B88EDE92A1A4B3C00B23C32 /* Debug */,
				5B88EDEA2A1A4B3C00B23C32 /* Release */,
			);
			defaultConfigurationIsVisible = 0;
			defaultConfigurationName = Release;
		};
/* End XCConfigurationList section */
	};
	rootObject = 5B88EDCC2A1A4B3B00B23C32 /* Project object */;
}
